
Microsoft Visual Studio Solution File, Format Version 12.00
# Visual Studio Version 17
VisualStudioVersion = 17.8.34408.163
MinimumVisualStudioVersion = 10.0.40219.1
Project("{888888A0-9F3D-457C-B088-3A5042F75D52}") = "Madlibs Generator", "Madlibs Generator.pyproj", "{39207432-7B12-4371-972D-6EF8C192A25A}"
EndProject
Global
	GlobalSection(SolutionConfigurationPlatforms) = preSolution
		Debug|Any CPU = Debug|Any CPU
		Release|Any CPU = Release|Any CPU
	EndGlobalSection
	GlobalSection(ProjectConfigurationPlatforms) = postSolution
		{39207432-7B12-4371-972D-6EF8C192A25A}.Debug|Any CPU.ActiveCfg = Debug|Any CPU
		{39207432-7B12-4371-972D-6EF8C192A25A}.Release|Any CPU.ActiveCfg = Release|Any CPU
	EndGlobalSection
	GlobalSection(SolutionProperties) = preSolution
		HideSolutionNode = FALSE
	EndGlobalSection
	GlobalSection(ExtensibilityGlobals) = postSolution
		SolutionGuid = {E2EC5C6D-B63D-46CF-8BC9-FBA2523AA1B6}
	EndGlobalSection
EndGlobal
